// !$*UTF8*$!
{
	archiveVersion = 1;
	classes = {
	};
	objectVersion = 55;
	objects = {

/* Begin PBXBuildFile section */
		4191D9A927ACAC3D00974B4F /* main.cpp in Sources */ = {isa = PBXBuildFile; fileRef = 4191D9A827ACAC3D00974B4F /* main.cpp */; };
		41CCC7F427C06BFB00B3212C /* unordered_Linked_List.cpp in Sources */ = {isa = PBXBuildFile; fileRef = 41CCC7F227C06BFB00B3212C /* unordered_Linked_List.cpp */; };
		41CCC7FB27C06CE700B3212C /* ordered_Linked_List.cpp in Sources */ = {isa = PBXBuildFile; fileRef = 41CCC7F927C06CE700B3212C /* ordered_Linked_List.cpp */; };
		41FC39F127BF313600DC214E /* Linked_List_Review.cpp in Sources */ = {isa = PBXBuildFile; fileRef = 41FC39EF27BF313600DC214E /* Linked_List_Review.cpp */; };
		41FFBCD827B1E82000FBB93C /* Grade_Report_Review.cpp in Sources */ = {isa = PBXBuildFile; fileRef = 41FFBCD627B1E82000FBB93C /* Grade_Report_Review.cpp */; };
/* End PBXBuildFile section */

/* Begin PBXCopyFilesBuildPhase section */
		4191D9A327ACAC3D00974B4F /* CopyFiles */ = {
			isa = PBXCopyFilesBuildPhase;
			buildActionMask = 2147483647;
			dstPath = /usr/share/man/man1/;
			dstSubfolderSpec = 0;
			files = (
			);
			runOnlyForDeploymentPostprocessing = 1;
		};
/* End PBXCopyFilesBuildPhase section */

/* Begin PBXFileReference section */
		4191D9A527ACAC3D00974B4F /* review_C++ */ = {isa = PBXFileReference; explicitFileType = "compiled.mach-o.executable"; includeInIndex = 0; path = "review_C++"; sourceTree = BUILT_PRODUCTS_DIR; };
		4191D9A827ACAC3D00974B4F /* main.cpp */ = {isa = PBXFileReference; lastKnownFileType = sourcecode.cpp.cpp; path = main.cpp; sourceTree = "<group>"; };
		4191D9AF27ACAC6F00974B4F /* Array_Review.cpp */ = {isa = PBXFileReference; lastKnownFileType = sourcecode.cpp.cpp; path = Array_Review.cpp; sourceTree = "<group>"; };
		4191D9B027ACAC6F00974B4F /* Array_Review.h */ = {isa = PBXFileReference; lastKnownFileType = sourcecode.c.h; path = Array_Review.h; sourceTree = "<group>"; };
		41CCC7F227C06BFB00B3212C /* unordered_Linked_List.cpp */ = {isa = PBXFileReference; lastKnownFileType = sourcecode.cpp.cpp; path = unordered_Linked_List.cpp; sourceTree = "<group>"; };
		41CCC7F927C06CE700B3212C /* ordered_Linked_List.cpp */ = {isa = PBXFileReference; lastKnownFileType = sourcecode.cpp.cpp; path = ordered_Linked_List.cpp; sourceTree = "<group>"; };
		41EC8E2F27C06E92003CCE77 /* Linked_List_Review.hpp */ = {isa = PBXFileReference; lastKnownFileType = sourcecode.cpp.h; path = Linked_List_Review.hpp; sourceTree = "<group>"; };
		41FC39EF27BF313600DC214E /* Linked_List_Review.cpp */ = {isa = PBXFileReference; lastKnownFileType = sourcecode.cpp.cpp; path = Linked_List_Review.cpp; sourceTree = "<group>"; };
		41FFBCD627B1E82000FBB93C /* Grade_Report_Review.cpp */ = {isa = PBXFileReference; lastKnownFileType = sourcecode.cpp.cpp; path = Grade_Report_Review.cpp; sourceTree = "<group>"; };
		41FFBCD727B1E82000FBB93C /* Grade_Report_Review.hpp */ = {isa = PBXFileReference; lastKnownFileType = sourcecode.cpp.h; path = Grade_Report_Review.hpp; sourceTree = "<group>"; };
/* End PBXFileReference section */

/* Begin PBXFrameworksBuildPhase section */
		4191D9A227ACAC3D00974B4F /* Frameworks */ = {
			isa = PBXFrameworksBuildPhase;
			buildActionMask = 2147483647;
			files = (
			);
			runOnlyForDeploymentPostprocessing = 0;
		};
/* End PBXFrameworksBuildPhase section */

/* Begin PBXGroup section */
		4191D99C27ACAC3D00974B4F = {
			isa = PBXGroup;
			children = (
				4191D9A727ACAC3D00974B4F /* review_C++ */,
				4191D9A627ACAC3D00974B4F /* Products */,
			);
			sourceTree = "<group>";
		};
		4191D9A627ACAC3D00974B4F /* Products */ = {
			isa = PBXGroup;
			children = (
				4191D9A527ACAC3D00974B4F /* review_C++ */,
			);
			name = Products;
			sourceTree = "<group>";
		};
		4191D9A727ACAC3D00974B4F /* review_C++ */ = {
			isa = PBXGroup;
			children = (
				4191D9A827ACAC3D00974B4F /* main.cpp */,
				4191D9B227ACAC7900974B4F /* C_files */,
				4191D9B327ACACB500974B4F /* H_files */,
			);
			path = "review_C++";
			sourceTree = "<group>";
		};
		4191D9B227ACAC7900974B4F /* C_files */ = {
			isa = PBXGroup;
			children = (
				41CCC7F527C06C9200B3212C /* Linked_List_C */,
				41CCC7F727C06CB500B3212C /* Array_C */,
			);
			path = C_files;
			sourceTree = "<group>";
		};
		4191D9B327ACACB500974B4F /* H_files */ = {
			isa = PBXGroup;
			children = (
				41CCC7F827C06CC500B3212C /* Array_H */,
				41CCC7F627C06CA500B3212C /* Linked_List_H */,
			);
			path = H_files;
			sourceTree = "<group>";
		};
		41CCC7F527C06C9200B3212C /* Linked_List_C */ = {
			isa = PBXGroup;
			children = (
				41FC39EF27BF313600DC214E /* Linked_List_Review.cpp */,
				41CCC7F227C06BFB00B3212C /* unordered_Linked_List.cpp */,
				41CCC7F927C06CE700B3212C /* ordered_Linked_List.cpp */,
			);
			path = Linked_List_C;
			sourceTree = "<group>";
		};
		41CCC7F627C06CA500B3212C /* Linked_List_H */ = {
			isa = PBXGroup;
			children = (
				41EC8E2F27C06E92003CCE77 /* Linked_List_Review.hpp */,
			);
			path = Linked_List_H;
			sourceTree = "<group>";
		};
		41CCC7F727C06CB500B3212C /* Array_C */ = {
			isa = PBXGroup;
			children = (
				4191D9AF27ACAC6F00974B4F /* Array_Review.cpp */,
				41FFBCD627B1E82000FBB93C /* Grade_Report_Review.cpp */,
			);
			path = Array_C;
			sourceTree = "<group>";
		};
		41CCC7F827C06CC500B3212C /* Array_H */ = {
			isa = PBXGroup;
			children = (
				4191D9B027ACAC6F00974B4F /* Array_Review.h */,
				41FFBCD727B1E82000FBB93C /* Grade_Report_Review.hpp */,
			);
			path = Array_H;
			sourceTree = "<group>";
		};
/* End PBXGroup section */

/* Begin PBXNativeTarget section */
		4191D9A427ACAC3D00974B4F /* review_C++ */ = {
			isa = PBXNativeTarget;
			buildConfigurationList = 4191D9AC27ACAC3D00974B4F /* Build configuration list for PBXNativeTarget "review_C++" */;
			buildPhases = (
				4191D9A127ACAC3D00974B4F /* Sources */,
				4191D9A227ACAC3D00974B4F /* Frameworks */,
				4191D9A327ACAC3D00974B4F /* CopyFiles */,
			);
			buildRules = (
			);
			dependencies = (
			);
			name = "review_C++";
			productName = "review_C++";
			productReference = 4191D9A527ACAC3D00974B4F /* review_C++ */;
			productType = "com.apple.product-type.tool";
		};
/* End PBXNativeTarget section */

/* Begin PBXProject section */
		4191D99D27ACAC3D00974B4F /* Project object */ = {
			isa = PBXProject;
			attributes = {
				BuildIndependentTargetsInParallel = 1;
				LastUpgradeCheck = 1320;
				TargetAttributes = {
					4191D9A427ACAC3D00974B4F = {
						CreatedOnToolsVersion = 13.2.1;
					};
				};
			};
			buildConfigurationList = 4191D9A027ACAC3D00974B4F /* Build configuration list for PBXProject "review_C++" */;
			compatibilityVersion = "Xcode 13.0";
			developmentRegion = en;
			hasScannedForEncodings = 0;
			knownRegions = (
				en,
				Base,
			);
			mainGroup = 4191D99C27ACAC3D00974B4F;
			productRefGroup = 4191D9A627ACAC3D00974B4F /* Products */;
			projectDirPath = "";
			projectRoot = "";
			targets = (
				4191D9A427ACAC3D00974B4F /* review_C++ */,
			);
		};
/* End PBXProject section */

/* Begin PBXSourcesBuildPhase section */
		4191D9A127ACAC3D00974B4F /* Sources */ = {
			isa = PBXSourcesBuildPhase;
			buildActionMask = 2147483647;
			files = (
				4191D9A927ACAC3D00974B4F /* main.cpp in Sources */,
				41FC39F127BF313600DC214E /* Linked_List_Review.cpp in Sources */,
				41CCC7FB27C06CE700B3212C /* ordered_Linked_List.cpp in Sources */,
				41FFBCD827B1E82000FBB93C /* Grade_Report_Review.cpp in Sources */,
				41CCC7F427C06BFB00B3212C /* unordered_Linked_List.cpp in Sources */,
			);
			runOnlyForDeploymentPostprocessing = 0;
		};
/* End PBXSourcesBuildPhase section */

/* Begin XCBuildConfiguration section */
		4191D9AA27ACAC3D00974B4F /* Debug */ = {
			isa = XCBuildConfiguration;
			buildSettings = {
				ALWAYS_SEARCH_USER_PATHS = NO;
				CLANG_ANALYZER_NONNULL = YES;
				CLANG_ANALYZER_NUMBER_OBJECT_CONVERSION = YES_AGGRESSIVE;
				CLANG_CXX_LANGUAGE_STANDARD = "gnu++17";
				CLANG_CXX_LIBRARY = "libc++";
				CLANG_ENABLE_MODULES = YES;
				CLANG_ENABLE_OBJC_ARC = YES;
				CLANG_ENABLE_OBJC_WEAK = YES;
				CLANG_WARN_BLOCK_CAPTURE_AUTORELEASING = YES;
				CLANG_WARN_BOOL_CONVERSION = YES;
				CLANG_WARN_COMMA = YES;
				CLANG_WARN_CONSTANT_CONVERSION = YES;
				CLANG_WARN_DEPRECATED_OBJC_IMPLEMENTATIONS = YES;
				CLANG_WARN_DIRECT_OBJC_ISA_USAGE = YES_ERROR;
				CLANG_WARN_DOCUMENTATION_COMMENTS = YES;
				CLANG_WARN_EMPTY_BODY = YES;
				CLANG_WARN_ENUM_CONVERSION = YES;
				CLANG_WARN_INFINITE_RECURSION = YES;
				CLANG_WARN_INT_CONVERSION = YES;
				CLANG_WARN_NON_LITERAL_NULL_CONVERSION = YES;
				CLANG_WARN_OBJC_IMPLICIT_RETAIN_SELF = YES;
				CLANG_WARN_OBJC_LITERAL_CONVERSION = YES;
				CLANG_WARN_OBJC_ROOT_CLASS = YES_ERROR;
				CLANG_WARN_QUOTED_INCLUDE_IN_FRAMEWORK_HEADER = YES;
				CLANG_WARN_RANGE_LOOP_ANALYSIS = YES;
				CLANG_WARN_STRICT_PROTOTYPES = YES;
				CLANG_WARN_SUSPICIOUS_MOVE = YES;
				CLANG_WARN_UNGUARDED_AVAILABILITY = YES_AGGRESSIVE;
				CLANG_WARN_UNREACHABLE_CODE = YES;
				CLANG_WARN__DUPLICATE_METHOD_MATCH = YES;
				COPY_PHASE_STRIP = NO;
				DEBUG_INFORMATION_FORMAT = dwarf;
				ENABLE_STRICT_OBJC_MSGSEND = YES;
				ENABLE_TESTABILITY = YES;
				GCC_C_LANGUAGE_STANDARD = gnu11;
				GCC_DYNAMIC_NO_PIC = NO;
				GCC_NO_COMMON_BLOCKS = YES;
				GCC_OPTIMIZATION_LEVEL = 0;
				GCC_PREPROCESSOR_DEFINITIONS = (
					"DEBUG=1",
					"$(inherited)",
				);
				GCC_WARN_64_TO_32_BIT_CONVERSION = YES;
				GCC_WARN_ABOUT_RETURN_TYPE = YES_ERROR;
				GCC_WARN_UNDECLARED_SELECTOR = YES;
				GCC_WARN_UNINITIALIZED_AUTOS = YES_AGGRESSIVE;
				GCC_WARN_UNUSED_FUNCTION = YES;
				GCC_WARN_UNUSED_VARIABLE = YES;
				MACOSX_DEPLOYMENT_TARGET = 12.1;
				MTL_ENABLE_DEBUG_INFO = INCLUDE_SOURCE;
				MTL_FAST_MATH = YES;
				ONLY_ACTIVE_ARCH = YES;
				SDKROOT = macosx;
			};
			name = Debug;
		};
		4191D9AB27ACAC3D00974B4F /* Release */ = {
			isa = XCBuildConfiguration;
			buildSettings = {
				ALWAYS_SEARCH_USER_PATHS = NO;
				CLANG_ANALYZER_NONNULL = YES;
				CLANG_ANALYZER_NUMBER_OBJECT_CONVERSION = YES_AGGRESSIVE;
				CLANG_CXX_LANGUAGE_STANDARD = "gnu++17";
				CLANG_CXX_LIBRARY = "libc++";
				CLANG_ENABLE_MODULES = YES;
				CLANG_ENABLE_OBJC_ARC = YES;
				CLANG_ENABLE_OBJC_WEAK = YES;
				CLANG_WARN_BLOCK_CAPTURE_AUTORELEASING = YES;
				CLANG_WARN_BOOL_CONVERSION = YES;
				CLANG_WARN_COMMA = YES;
				CLANG_WARN_CONSTANT_CONVERSION = YES;
				CLANG_WARN_DEPRECATED_OBJC_IMPLEMENTATIONS = YES;
				CLANG_WARN_DIRECT_OBJC_ISA_USAGE = YES_ERROR;
				CLANG_WARN_DOCUMENTATION_COMMENTS = YES;
				CLANG_WARN_EMPTY_BODY = YES;
				CLANG_WARN_ENUM_CONVERSION = YES;
				CLANG_WARN_INFINITE_RECURSION = YES;
				CLANG_WARN_INT_CONVERSION = YES;
				CLANG_WARN_NON_LITERAL_NULL_CONVERSION = YES;
				CLANG_WARN_OBJC_IMPLICIT_RETAIN_SELF = YES;
				CLANG_WARN_OBJC_LITERAL_CONVERSION = YES;
				CLANG_WARN_OBJC_ROOT_CLASS = YES_ERROR;
				CLANG_WARN_QUOTED_INCLUDE_IN_FRAMEWORK_HEADER = YES;
				CLANG_WARN_RANGE_LOOP_ANALYSIS = YES;
				CLANG_WARN_STRICT_PROTOTYPES = YES;
				CLANG_WARN_SUSPICIOUS_MOVE = YES;
				CLANG_WARN_UNGUARDED_AVAILABILITY = YES_AGGRESSIVE;
				CLANG_WARN_UNREACHABLE_CODE = YES;
				CLANG_WARN__DUPLICATE_METHOD_MATCH = YES;
				COPY_PHASE_STRIP = NO;
				DEBUG_INFORMATION_FORMAT = "dwarf-with-dsym";
				ENABLE_NS_ASSERTIONS = NO;
				ENABLE_STRICT_OBJC_MSGSEND = YES;
				GCC_C_LANGUAGE_STANDARD = gnu11;
				GCC_NO_COMMON_BLOCKS = YES;
				GCC_WARN_64_TO_32_BIT_CONVERSION = YES;
				GCC_WARN_ABOUT_RETURN_TYPE = YES_ERROR;
				GCC_WARN_UNDECLARED_SELECTOR = YES;
				GCC_WARN_UNINITIALIZED_AUTOS = YES_AGGRESSIVE;
				GCC_WARN_UNUSED_FUNCTION = YES;
				GCC_WARN_UNUSED_VARIABLE = YES;
				MACOSX_DEPLOYMENT_TARGET = 12.1;
				MTL_ENABLE_DEBUG_INFO = NO;
				MTL_FAST_MATH = YES;
				SDKROOT = macosx;
			};
			name = Release;
		};
		4191D9AD27ACAC3D00974B4F /* Debug */ = {
			isa = XCBuildConfiguration;
			buildSettings = {
				ALWAYS_EMBED_SWIFT_STANDARD_LIBRARIES = YES;
				CODE_SIGN_IDENTITY = "Apple Development";
				CODE_SIGN_STYLE = Automatic;
				DEVELOPMENT_TEAM = CWCBRR328H;
				ENABLE_HARDENED_RUNTIME = YES;
				ONLY_ACTIVE_ARCH = YES;
				PRODUCT_NAME = "$(TARGET_NAME)";
			};
			name = Debug;
		};
		4191D9AE27ACAC3D00974B4F /* Release */ = {
			isa = XCBuildConfiguration;
			buildSettings = {
				ALWAYS_EMBED_SWIFT_STANDARD_LIBRARIES = YES;
				CODE_SIGN_IDENTITY = "Apple Development";
				CODE_SIGN_STYLE = Automatic;
				DEVELOPMENT_TEAM = CWCBRR328H;
				ENABLE_HARDENED_RUNTIME = YES;
				ONLY_ACTIVE_ARCH = YES;
				PRODUCT_NAME = "$(TARGET_NAME)";
			};
			name = Release;
		};
/* End XCBuildConfiguration section */

/* Begin XCConfigurationList section */
		4191D9A027ACAC3D00974B4F /* Build configuration list for PBXProject "review_C++" */ = {
			isa = XCConfigurationList;
			buildConfigurations = (
				4191D9AA27ACAC3D00974B4F /* Debug */,
				4191D9AB27ACAC3D00974B4F /* Release */,
			);
			defaultConfigurationIsVisible = 0;
			defaultConfigurationName = Release;
		};
		4191D9AC27ACAC3D00974B4F /* Build configuration list for PBXNativeTarget "review_C++" */ = {
			isa = XCConfigurationList;
			buildConfigurations = (
				4191D9AD27ACAC3D00974B4F /* Debug */,
				4191D9AE27ACAC3D00974B4F /* Release */,
			);
			defaultConfigurationIsVisible = 0;
			defaultConfigurationName = Release;
		};
/* End XCConfigurationList section */
	};
	rootObject = 4191D99D27ACAC3D00974B4F /* Project object */;
}
